
Microsoft Visual Studio Solution File, Format Version 12.00
# Visual Studio 15
VisualStudioVersion = 15.0.28010.2036
MinimumVisualStudioVersion = 10.0.40219.1
Project("{2150E333-8FDC-42A3-9474-1A3956D46DE8}") = "1 Presentation", "1 Presentation", "{E6293033-A655-425B-81C4-2C89F1F2E125}"
EndProject
Project("{2150E333-8FDC-42A3-9474-1A3956D46DE8}") = "3 Domain", "3 Domain", "{4BA7FAD4-B15A-4121-98FE-27CEE7A2BE85}"
EndProject
Project("{2150E333-8FDC-42A3-9474-1A3956D46DE8}") = "2 Services", "2 Services", "{5E7A3FB4-B989-4C8E-9773-B07981D5E527}"
EndProject
Project("{FAE04EC0-301F-11D3-BF4B-00C04F79EFBC}") = "Services", "Application\Services.csproj", "{CBC2F639-C874-4B2C-A49B-B05E1AEB8660}"
EndProject
Project("{2150E333-8FDC-42A3-9474-1A3956D46DE8}") = "4 Infrastructure", "4 Infrastructure", "{DD549156-EE92-406E-9B91-2852E497E5C7}"
EndProject
Project("{FAE04EC0-301F-11D3-BF4B-00C04F79EFBC}") = "Repository", "Repository\Repository.csproj", "{00020474-6F70-49E2-955E-6EA6C08A206D}"
EndProject
Project("{FAE04EC0-301F-11D3-BF4B-00C04F79EFBC}") = "DAL", "DAL\DAL.csproj", "{21F652A7-9354-4DDE-8B35-44F27C19022B}"
EndProject
Project("{9A19103F-16F7-4668-BE54-9A1E7A4F7556}") = "Repository.Test", "Repository.Test\Repository.Test.csproj", "{00FCB1F4-E962-4651-BC1A-6BA04690760C}"
EndProject
Project("{FAE04EC0-301F-11D3-BF4B-00C04F79EFBC}") = "DTO", "DTO\DTO.csproj", "{75F13EE1-67CD-4E81-A233-605BB7B2ED67}"
EndProject
Project("{FAE04EC0-301F-11D3-BF4B-00C04F79EFBC}") = "Domain", "Domain\Domain.csproj", "{C716CC4F-E126-49F4-8A19-83006B525655}"
EndProject
Project("{FAE04EC0-301F-11D3-BF4B-00C04F79EFBC}") = "WebApi", "WebApi\WebApi.csproj", "{C92C71B6-5056-41A4-AC0B-E0FCBB257769}"
EndProject
Project("{2150E333-8FDC-42A3-9474-1A3956D46DE8}") = "5 Crosscrutting", "5 Crosscrutting", "{32EC79A9-B647-476B-ADDD-99357B261798}"
EndProject
Project("{FAE04EC0-301F-11D3-BF4B-00C04F79EFBC}") = "Crosscrutting", "Crosscrutting\Crosscrutting.csproj", "{319015BC-4910-4F40-B87B-1E1A4090218D}"
EndProject
Global
	GlobalSection(SolutionConfigurationPlatforms) = preSolution
		Debug|Any CPU = Debug|Any CPU
		Release|Any CPU = Release|Any CPU
	EndGlobalSection
	GlobalSection(ProjectConfigurationPlatforms) = postSolution
		{CBC2F639-C874-4B2C-A49B-B05E1AEB8660}.Debug|Any CPU.ActiveCfg = Debug|Any CPU
		{CBC2F639-C874-4B2C-A49B-B05E1AEB8660}.Debug|Any CPU.Build.0 = Debug|Any CPU
		{CBC2F639-C874-4B2C-A49B-B05E1AEB8660}.Release|Any CPU.ActiveCfg = Release|Any CPU
		{CBC2F639-C874-4B2C-A49B-B05E1AEB8660}.Release|Any CPU.Build.0 = Release|Any CPU
		{00020474-6F70-49E2-955E-6EA6C08A206D}.Debug|Any CPU.ActiveCfg = Debug|Any CPU
		{00020474-6F70-49E2-955E-6EA6C08A206D}.Debug|Any CPU.Build.0 = Debug|Any CPU
		{00020474-6F70-49E2-955E-6EA6C08A206D}.Release|Any CPU.ActiveCfg = Release|Any CPU
		{00020474-6F70-49E2-955E-6EA6C08A206D}.Release|Any CPU.Build.0 = Release|Any CPU
		{21F652A7-9354-4DDE-8B35-44F27C19022B}.Debug|Any CPU.ActiveCfg = Debug|Any CPU
		{21F652A7-9354-4DDE-8B35-44F27C19022B}.Debug|Any CPU.Build.0 = Debug|Any CPU
		{21F652A7-9354-4DDE-8B35-44F27C19022B}.Release|Any CPU.ActiveCfg = Release|Any CPU
		{21F652A7-9354-4DDE-8B35-44F27C19022B}.Release|Any CPU.Build.0 = Release|Any CPU
		{00FCB1F4-E962-4651-BC1A-6BA04690760C}.Debug|Any CPU.ActiveCfg = Debug|Any CPU
		{00FCB1F4-E962-4651-BC1A-6BA04690760C}.Debug|Any CPU.Build.0 = Debug|Any CPU
		{00FCB1F4-E962-4651-BC1A-6BA04690760C}.Release|Any CPU.ActiveCfg = Release|Any CPU
		{00FCB1F4-E962-4651-BC1A-6BA04690760C}.Release|Any CPU.Build.0 = Release|Any CPU
		{75F13EE1-67CD-4E81-A233-605BB7B2ED67}.Debug|Any CPU.ActiveCfg = Debug|Any CPU
		{75F13EE1-67CD-4E81-A233-605BB7B2ED67}.Debug|Any CPU.Build.0 = Debug|Any CPU
		{75F13EE1-67CD-4E81-A233-605BB7B2ED67}.Release|Any CPU.ActiveCfg = Release|Any CPU
		{75F13EE1-67CD-4E81-A233-605BB7B2ED67}.Release|Any CPU.Build.0 = Release|Any CPU
		{C716CC4F-E126-49F4-8A19-83006B525655}.Debug|Any CPU.ActiveCfg = Debug|Any CPU
		{C716CC4F-E126-49F4-8A19-83006B525655}.Debug|Any CPU.Build.0 = Debug|Any CPU
		{C716CC4F-E126-49F4-8A19-83006B525655}.Release|Any CPU.ActiveCfg = Release|Any CPU
		{C716CC4F-E126-49F4-8A19-83006B525655}.Release|Any CPU.Build.0 = Release|Any CPU
		{C92C71B6-5056-41A4-AC0B-E0FCBB257769}.Debug|Any CPU.ActiveCfg = Debug|Any CPU
		{C92C71B6-5056-41A4-AC0B-E0FCBB257769}.Debug|Any CPU.Build.0 = Debug|Any CPU
		{C92C71B6-5056-41A4-AC0B-E0FCBB257769}.Release|Any CPU.ActiveCfg = Release|Any CPU
		{C92C71B6-5056-41A4-AC0B-E0FCBB257769}.Release|Any CPU.Build.0 = Release|Any CPU
		{319015BC-4910-4F40-B87B-1E1A4090218D}.Debug|Any CPU.ActiveCfg = Debug|Any CPU
		{319015BC-4910-4F40-B87B-1E1A4090218D}.Debug|Any CPU.Build.0 = Debug|Any CPU
		{319015BC-4910-4F40-B87B-1E1A4090218D}.Release|Any CPU.ActiveCfg = Release|Any CPU
		{319015BC-4910-4F40-B87B-1E1A4090218D}.Release|Any CPU.Build.0 = Release|Any CPU
	EndGlobalSection
	GlobalSection(SolutionProperties) = preSolution
		HideSolutionNode = FALSE
	EndGlobalSection
	GlobalSection(NestedProjects) = preSolution
		{CBC2F639-C874-4B2C-A49B-B05E1AEB8660} = {5E7A3FB4-B989-4C8E-9773-B07981D5E527}
		{00020474-6F70-49E2-955E-6EA6C08A206D} = {DD549156-EE92-406E-9B91-2852E497E5C7}
		{21F652A7-9354-4DDE-8B35-44F27C19022B} = {DD549156-EE92-406E-9B91-2852E497E5C7}
		{00FCB1F4-E962-4651-BC1A-6BA04690760C} = {DD549156-EE92-406E-9B91-2852E497E5C7}
		{75F13EE1-67CD-4E81-A233-605BB7B2ED67} = {5E7A3FB4-B989-4C8E-9773-B07981D5E527}
		{C716CC4F-E126-49F4-8A19-83006B525655} = {4BA7FAD4-B15A-4121-98FE-27CEE7A2BE85}
		{C92C71B6-5056-41A4-AC0B-E0FCBB257769} = {E6293033-A655-425B-81C4-2C89F1F2E125}
		{319015BC-4910-4F40-B87B-1E1A4090218D} = {32EC79A9-B647-476B-ADDD-99357B261798}
	EndGlobalSection
	GlobalSection(ExtensibilityGlobals) = postSolution
		EnterpriseLibraryConfigurationToolBinariesPathV6 = packages\EnterpriseLibrary.Common.6.0.1304.0\lib\NET45
		SolutionGuid = {B338EE1C-9128-4577-99D5-8B04B1EEA6E7}
		EnterpriseLibraryConfigurationToolBinariesPath = packages\Unity.2.1.505.0\lib\NET35
	EndGlobalSection
EndGlobal
